
Microsoft Visual Studio Solution File, Format Version 12.00
# Visual Studio Version 17
VisualStudioVersion = 17.5.33516.290
MinimumVisualStudioVersion = 10.0.40219.1
Project("{FAE04EC0-301F-11D3-BF4B-00C04F79EFBC}") = "Calculjator", "Calculjator\Calculjator.csproj", "{086E62AA-791B-4085-A381-1454C46D9AE5}"
EndProject
Global
	GlobalSection(SolutionConfigurationPlatforms) = preSolution
		Debug|Any CPU = Debug|Any CPU
		Release|Any CPU = Release|Any CPU
	EndGlobalSection
	GlobalSection(ProjectConfigurationPlatforms) = postSolution
		{086E62AA-791B-4085-A381-1454C46D9AE5}.Debug|Any CPU.ActiveCfg = Debug|Any CPU
		{086E62AA-791B-4085-A381-1454C46D9AE5}.Debug|Any CPU.Build.0 = Debug|Any CPU
		{086E62AA-791B-4085-A381-1454C46D9AE5}.Release|Any CPU.ActiveCfg = Release|Any CPU
		{086E62AA-791B-4085-A381-1454C46D9AE5}.Release|Any CPU.Build.0 = Release|Any CPU
	EndGlobalSection
	GlobalSection(SolutionProperties) = preSolution
		HideSolutionNode = FALSE
	EndGlobalSection
	GlobalSection(ExtensibilityGlobals) = postSolution
		SolutionGuid = {A24CC4A9-C7CB-4C2F-8E63-1DEC13F31773}
	EndGlobalSection
EndGlobal
